
Microsoft Visual Studio Solution File, Format Version 12.00
# Visual Studio 15
VisualStudioVersion = 15.0.26228.9
MinimumVisualStudioVersion = 10.0.40219.1
Project("{FAE04EC0-301F-11D3-BF4B-00C04F79EFBC}") = "MyUDisk", "MyUDisk.csproj", "{DA3F82FF-C3DD-4BB9-9E21-98B7F6F3C688}"
EndProject
Global
	GlobalSection(SolutionConfigurationPlatforms) = preSolution
		Debug|Any CPU = Debug|Any CPU
		Release|Any CPU = Release|Any CPU
	EndGlobalSection
	GlobalSection(ProjectConfigurationPlatforms) = postSolution
		{DA3F82FF-C3DD-4BB9-9E21-98B7F6F3C688}.Debug|Any CPU.ActiveCfg = Debug|Any CPU
		{DA3F82FF-C3DD-4BB9-9E21-98B7F6F3C688}.Debug|Any CPU.Build.0 = Debug|Any CPU
		{DA3F82FF-C3DD-4BB9-9E21-98B7F6F3C688}.Release|Any CPU.ActiveCfg = Release|Any CPU
		{DA3F82FF-C3DD-4BB9-9E21-98B7F6F3C688}.Release|Any CPU.Build.0 = Release|Any CPU
	EndGlobalSection
	GlobalSection(SolutionProperties) = preSolution
		HideSolutionNode = FALSE
	EndGlobalSection
EndGlobal
